
Microsoft Visual Studio Solution File, Format Version 12.00
# Visual Studio Version 16
VisualStudioVersion = 16.0.31313.79
MinimumVisualStudioVersion = 10.0.40219.1
Project("{FAE04EC0-301F-11D3-BF4B-00C04F79EFBC}") = "WebSystemW", "WebSystemW\WebSystemW.csproj", "{08574A97-2D23-49B2-9461-4F105DFDAE18}"
EndProject
Global
	GlobalSection(SolutionConfigurationPlatforms) = preSolution
		Debug|Any CPU = Debug|Any CPU
		Release|Any CPU = Release|Any CPU
	EndGlobalSection
	GlobalSection(ProjectConfigurationPlatforms) = postSolution
		{08574A97-2D23-49B2-9461-4F105DFDAE18}.Debug|Any CPU.ActiveCfg = Debug|Any CPU
		{08574A97-2D23-49B2-9461-4F105DFDAE18}.Debug|Any CPU.Build.0 = Debug|Any CPU
		{08574A97-2D23-49B2-9461-4F105DFDAE18}.Release|Any CPU.ActiveCfg = Release|Any CPU
		{08574A97-2D23-49B2-9461-4F105DFDAE18}.Release|Any CPU.Build.0 = Release|Any CPU
	EndGlobalSection
	GlobalSection(SolutionProperties) = preSolution
		HideSolutionNode = FALSE
	EndGlobalSection
	GlobalSection(ExtensibilityGlobals) = postSolution
		SolutionGuid = {7E554273-6C48-4BFA-B0F1-123055DA117C}
	EndGlobalSection
EndGlobal
